
Microsoft Visual Studio Solution File, Format Version 12.00
# Visual Studio Version 17
VisualStudioVersion = 17.5.33627.172
MinimumVisualStudioVersion = 10.0.40219.1
Project("{FAE04EC0-301F-11D3-BF4B-00C04F79EFBC}") = "MyDictionary", "MyDictionary\MyDictionary.csproj", "{CC3D2896-F3AC-42C5-9FAF-D9F55D220D85}"
EndProject
Global
	GlobalSection(SolutionConfigurationPlatforms) = preSolution
		Debug|Any CPU = Debug|Any CPU
		Release|Any CPU = Release|Any CPU
	EndGlobalSection
	GlobalSection(ProjectConfigurationPlatforms) = postSolution
		{CC3D2896-F3AC-42C5-9FAF-D9F55D220D85}.Debug|Any CPU.ActiveCfg = Debug|Any CPU
		{CC3D2896-F3AC-42C5-9FAF-D9F55D220D85}.Debug|Any CPU.Build.0 = Debug|Any CPU
		{CC3D2896-F3AC-42C5-9FAF-D9F55D220D85}.Release|Any CPU.ActiveCfg = Release|Any CPU
		{CC3D2896-F3AC-42C5-9FAF-D9F55D220D85}.Release|Any CPU.Build.0 = Release|Any CPU
	EndGlobalSection
	GlobalSection(SolutionProperties) = preSolution
		HideSolutionNode = FALSE
	EndGlobalSection
	GlobalSection(ExtensibilityGlobals) = postSolution
		SolutionGuid = {1D36730B-9386-4138-B5B6-3321A3B8ADBA}
	EndGlobalSection
EndGlobal
